{
  "originHash" : "8e30abd2961d5a5ea9d990ec6ea53a6ebeb5dad5665cfafd708c10f431cf2960",
  "pins" : [
    {
      "identity" : "swiftysound",
      "kind" : "remoteSourceControl",
      "location" : "https://github.com/adamcichy/SwiftySound.git",
      "state" : {
        "branch" : "master",
        "revision" : "de233cc96b0154cb26c66b9a0f1c2719709c83ac"
      }
    }
  ],
  "version" : 3
}
