// !$*UTF8*$!
{
	archiveVersion = 1;
	classes = {
	};
	objectVersion = 51;
	objects = {

/* Begin PBXBuildFile section */
		661933F71E5CD6A50042D25E /* AppDelegate.swift in Sources */ = {isa = PBXBuildFile; fileRef = 661933F61E5CD6A50042D25E /* AppDelegate.swift */; };
		661933F91E5CD6A50042D25E /* ViewController.swift in Sources */ = {isa = PBXBuildFile; fileRef = 661933F81E5CD6A50042D25E /* ViewController.swift */; };
		661933FC1E5CD6A50042D25E /* Main.storyboard in Resources */ = {isa = PBXBuildFile; fileRef = 661933FA1E5CD6A50042D25E /* Main.storyboard */; };
		661933FE1E5CD6A50042D25E /* Assets.xcassets in Resources */ = {isa = PBXBuildFile; fileRef = 661933FD1E5CD6A50042D25E /* Assets.xcassets */; };
		6619340A1E5CD8DE0042D25E /* dog.wav in Resources */ = {isa = PBXBuildFile; fileRef = 661934091E5CD8DE0042D25E /* dog.wav */; };
		6619340C1E5CD8E50042D25E /* cat.wav in Resources */ = {isa = PBXBuildFile; fileRef = 6619340B1E5CD8E50042D25E /* cat.wav */; };
		6635A3471E8E7E0400A3E02B /* empty.wav in Resources */ = {isa = PBXBuildFile; fileRef = 6635A3431E8E7BF800A3E02B /* empty.wav */; };
		66DB6F35205ED17300A48129 /* piano.wav in Resources */ = {isa = PBXBuildFile; fileRef = 66DB6F34205ED17300A48129 /* piano.wav */; };
		9D41A1ED62D3AAA1DC8029E9 /* Pods_SwiftySoundExample.framework in Frameworks */ = {isa = PBXBuildFile; fileRef = 9083389E2A2BA2AC108FC7FF /* Pods_SwiftySoundExample.framework */; };
/* End PBXBuildFile section */

/* Begin PBXFileReference section */
		6072F6F0D9EF16184283DD27 /* Pods-SwiftySoundExample.debug.xcconfig */ = {isa = PBXFileReference; includeInIndex = 1; lastKnownFileType = text.xcconfig; name = "Pods-SwiftySoundExample.debug.xcconfig"; path = "Pods/Target Support Files/Pods-SwiftySoundExample/Pods-SwiftySoundExample.debug.xcconfig"; sourceTree = "<group>"; };
		661933F31E5CD6A50042D25E /* SwiftySoundExample.app */ = {isa = PBXFileReference; explicitFileType = wrapper.application; includeInIndex = 0; path = SwiftySoundExample.app; sourceTree = BUILT_PRODUCTS_DIR; };
		661933F61E5CD6A50042D25E /* AppDelegate.swift */ = {isa = PBXFileReference; lastKnownFileType = sourcecode.swift; path = AppDelegate.swift; sourceTree = "<group>"; };
		661933F81E5CD6A50042D25E /* ViewController.swift */ = {isa = PBXFileReference; lastKnownFileType = sourcecode.swift; path = ViewController.swift; sourceTree = "<group>"; };
		661933FB1E5CD6A50042D25E /* Base */ = {isa = PBXFileReference; lastKnownFileType = file.storyboard; name = Base; path = Base.lproj/Main.storyboard; sourceTree = "<group>"; };
		661933FD1E5CD6A50042D25E /* Assets.xcassets */ = {isa = PBXFileReference; lastKnownFileType = folder.assetcatalog; path = Assets.xcassets; sourceTree = "<group>"; };
		661934021E5CD6A50042D25E /* Info.plist */ = {isa = PBXFileReference; lastKnownFileType = text.plist.xml; path = Info.plist; sourceTree = "<group>"; };
		661934091E5CD8DE0042D25E /* dog.wav */ = {isa = PBXFileReference; lastKnownFileType = audio.wav; path = dog.wav; sourceTree = "<group>"; };
		6619340B1E5CD8E50042D25E /* cat.wav */ = {isa = PBXFileReference; lastKnownFileType = audio.wav; path = cat.wav; sourceTree = "<group>"; };
		6635A3431E8E7BF800A3E02B /* empty.wav */ = {isa = PBXFileReference; lastKnownFileType = audio.wav; path = empty.wav; sourceTree = "<group>"; };
		66DB6F34205ED17300A48129 /* piano.wav */ = {isa = PBXFileReference; lastKnownFileType = audio.wav; path = piano.wav; sourceTree = "<group>"; };
		9083389E2A2BA2AC108FC7FF /* Pods_SwiftySoundExample.framework */ = {isa = PBXFileReference; explicitFileType = wrapper.framework; includeInIndex = 0; path = Pods_SwiftySoundExample.framework; sourceTree = BUILT_PRODUCTS_DIR; };
		F16796BA56A5073D7DBC0606 /* Pods-SwiftySoundExample.release.xcconfig */ = {isa = PBXFileReference; includeInIndex = 1; lastKnownFileType = text.xcconfig; name = "Pods-SwiftySoundExample.release.xcconfig"; path = "Pods/Target Support Files/Pods-SwiftySoundExample/Pods-SwiftySoundExample.release.xcconfig"; sourceTree = "<group>"; };
/* End PBXFileReference section */

/* Begin PBXFrameworksBuildPhase section */
		661933F01E5CD6A50042D25E /* Frameworks */ = {
			isa = PBXFrameworksBuildPhase;
			buildActionMask = 2147483647;
			files = (
				9D41A1ED62D3AAA1DC8029E9 /* Pods_SwiftySoundExample.framework in Frameworks */,
			);
			runOnlyForDeploymentPostprocessing = 0;
		};
/* End PBXFrameworksBuildPhase section */

/* Begin PBXGroup section */
		4220A86574790A55724CCE85 /* Frameworks */ = {
			isa = PBXGroup;
			children = (
				9083389E2A2BA2AC108FC7FF /* Pods_SwiftySoundExample.framework */,
			);
			name = Frameworks;
			sourceTree = "<group>";
		};
		562C48185CC79B5647AF7540 /* Pods */ = {
			isa = PBXGroup;
			children = (
				6072F6F0D9EF16184283DD27 /* Pods-SwiftySoundExample.debug.xcconfig */,
				F16796BA56A5073D7DBC0606 /* Pods-SwiftySoundExample.release.xcconfig */,
			);
			name = Pods;
			sourceTree = "<group>";
		};
		661933EA1E5CD6A50042D25E = {
			isa = PBXGroup;
			children = (
				661933F51E5CD6A50042D25E /* SwiftySoundExample */,
				661933F41E5CD6A50042D25E /* Products */,
				562C48185CC79B5647AF7540 /* Pods */,
				4220A86574790A55724CCE85 /* Frameworks */,
			);
			sourceTree = "<group>";
		};
		661933F41E5CD6A50042D25E /* Products */ = {
			isa = PBXGroup;
			children = (
				661933F31E5CD6A50042D25E /* SwiftySoundExample.app */,
			);
			name = Products;
			sourceTree = "<group>";
		};
		661933F51E5CD6A50042D25E /* SwiftySoundExample */ = {
			isa = PBXGroup;
			children = (
				661933F61E5CD6A50042D25E /* AppDelegate.swift */,
				661933F81E5CD6A50042D25E /* ViewController.swift */,
				661933FA1E5CD6A50042D25E /* Main.storyboard */,
				661933FD1E5CD6A50042D25E /* Assets.xcassets */,
				661934021E5CD6A50042D25E /* Info.plist */,
				661934081E5CD8CF0042D25E /* Sounds */,
			);
			path = SwiftySoundExample;
			sourceTree = "<group>";
		};
		661934081E5CD8CF0042D25E /* Sounds */ = {
			isa = PBXGroup;
			children = (
				66DB6F34205ED17300A48129 /* piano.wav */,
				661934091E5CD8DE0042D25E /* dog.wav */,
				6619340B1E5CD8E50042D25E /* cat.wav */,
				6635A3431E8E7BF800A3E02B /* empty.wav */,
			);
			path = Sounds;
			sourceTree = "<group>";
		};
/* End PBXGroup section */

/* Begin PBXNativeTarget section */
		661933F21E5CD6A50042D25E /* SwiftySoundExample */ = {
			isa = PBXNativeTarget;
			buildConfigurationList = 661934051E5CD6A50042D25E /* Build configuration list for PBXNativeTarget "SwiftySoundExample" */;
			buildPhases = (
				EF2CAA06ACE49C269D32E89A /* [CP] Check Pods Manifest.lock */,
				661933EF1E5CD6A50042D25E /* Sources */,
				661933F01E5CD6A50042D25E /* Frameworks */,
				661933F11E5CD6A50042D25E /* Resources */,
				9448886DF868C0AFE4BBC8BA /* [CP] Embed Pods Frameworks */,
				DC2AE109D7377C9E938BEEB1 /* Tailor */,
			);
			buildRules = (
			);
			dependencies = (
			);
			name = SwiftySoundExample;
			productName = SwiftySoundExample;
			productReference = 661933F31E5CD6A50042D25E /* SwiftySoundExample.app */;
			productType = "com.apple.product-type.application";
		};
/* End PBXNativeTarget section */

/* Begin PBXProject section */
		661933EB1E5CD6A50042D25E /* Project object */ = {
			isa = PBXProject;
			attributes = {
				LastSwiftUpdateCheck = 0830;
				LastUpgradeCheck = 1020;
				ORGANIZATIONNAME = "Adam Cichy";
				TargetAttributes = {
					661933F21E5CD6A50042D25E = {
						CreatedOnToolsVersion = 8.2.1;
						ProvisioningStyle = Automatic;
					};
				};
			};
			buildConfigurationList = 661933EE1E5CD6A50042D25E /* Build configuration list for PBXProject "SwiftySoundExample" */;
			compatibilityVersion = "Xcode 10.0";
			developmentRegion = en;
			hasScannedForEncodings = 0;
			knownRegions = (
				en,
				Base,
			);
			mainGroup = 661933EA1E5CD6A50042D25E;
			productRefGroup = 661933F41E5CD6A50042D25E /* Products */;
			projectDirPath = "";
			projectRoot = "";
			targets = (
				661933F21E5CD6A50042D25E /* SwiftySoundExample */,
			);
		};
/* End PBXProject section */

/* Begin PBXResourcesBuildPhase section */
		661933F11E5CD6A50042D25E /* Resources */ = {
			isa = PBXResourcesBuildPhase;
			buildActionMask = 2147483647;
			files = (
				661933FE1E5CD6A50042D25E /* Assets.xcassets in Resources */,
				6619340A1E5CD8DE0042D25E /* dog.wav in Resources */,
				661933FC1E5CD6A50042D25E /* Main.storyboard in Resources */,
				66DB6F35205ED17300A48129 /* piano.wav in Resources */,
				6635A3471E8E7E0400A3E02B /* empty.wav in Resources */,
				6619340C1E5CD8E50042D25E /* cat.wav in Resources */,
			);
			runOnlyForDeploymentPostprocessing = 0;
		};
/* End PBXResourcesBuildPhase section */

/* Begin PBXShellScriptBuildPhase section */
		9448886DF868C0AFE4BBC8BA /* [CP] Embed Pods Frameworks */ = {
			isa = PBXShellScriptBuildPhase;
			buildActionMask = 2147483647;
			files = (
			);
			inputFileListPaths = (
				"${PODS_ROOT}/Target Support Files/Pods-SwiftySoundExample/Pods-SwiftySoundExample-frameworks-${CONFIGURATION}-input-files.xcfilelist",
			);
			name = "[CP] Embed Pods Frameworks";
			outputFileListPaths = (
				"${PODS_ROOT}/Target Support Files/Pods-SwiftySoundExample/Pods-SwiftySoundExample-frameworks-${CONFIGURATION}-output-files.xcfilelist",
			);
			runOnlyForDeploymentPostprocessing = 0;
			shellPath = /bin/sh;
			shellScript = "\"${PODS_ROOT}/Target Support Files/Pods-SwiftySoundExample/Pods-SwiftySoundExample-frameworks.sh\"\n";
			showEnvVarsInLog = 0;
		};
		DC2AE109D7377C9E938BEEB1 /* Tailor */ = {
			isa = PBXShellScriptBuildPhase;
			buildActionMask = 2147483647;
			files = (
			);
			inputPaths = (
			);
			name = Tailor;
			outputPaths = (
			);
			runOnlyForDeploymentPostprocessing = 0;
			shellPath = /bin/sh;
			shellScript = "if hash tailor 2>/dev/null; then\n  tailor ..\nfi\n";
		};
		EF2CAA06ACE49C269D32E89A /* [CP] Check Pods Manifest.lock */ = {
			isa = PBXShellScriptBuildPhase;
			buildActionMask = 2147483647;
			files = (
			);
			inputPaths = (
				"${PODS_PODFILE_DIR_PATH}/Podfile.lock",
				"${PODS_ROOT}/Manifest.lock",
			);
			name = "[CP] Check Pods Manifest.lock";
			outputPaths = (
				"$(DERIVED_FILE_DIR)/Pods-SwiftySoundExample-checkManifestLockResult.txt",
			);
			runOnlyForDeploymentPostprocessing = 0;
			shellPath = /bin/sh;
			shellScript = "diff \"${PODS_PODFILE_DIR_PATH}/Podfile.lock\" \"${PODS_ROOT}/Manifest.lock\" > /dev/null\nif [ $? != 0 ] ; then\n    # print error to STDERR\n    echo \"error: The sandbox is not in sync with the Podfile.lock. Run 'pod install' or update your CocoaPods installation.\" >&2\n    exit 1\nfi\n# This output is used by Xcode 'outputs' to avoid re-running this script phase.\necho \"SUCCESS\" > \"${SCRIPT_OUTPUT_FILE_0}\"\n";
			showEnvVarsInLog = 0;
		};
/* End PBXShellScriptBuildPhase section */

/* Begin PBXSourcesBuildPhase section */
		661933EF1E5CD6A50042D25E /* Sources */ = {
			isa = PBXSourcesBuildPhase;
			buildActionMask = 2147483647;
			files = (
				661933F91E5CD6A50042D25E /* ViewController.swift in Sources */,
				661933F71E5CD6A50042D25E /* AppDelegate.swift in Sources */,
			);
			runOnlyForDeploymentPostprocessing = 0;
		};
/* End PBXSourcesBuildPhase section */

/* Begin PBXVariantGroup section */
		661933FA1E5CD6A50042D25E /* Main.storyboard */ = {
			isa = PBXVariantGroup;
			children = (
				661933FB1E5CD6A50042D25E /* Base */,
			);
			name = Main.storyboard;
			sourceTree = "<group>";
		};
/* End PBXVariantGroup section */

/* Begin XCBuildConfiguration section */
		661934031E5CD6A50042D25E /* Debug */ = {
			isa = XCBuildConfiguration;
			buildSettings = {
				ALWAYS_SEARCH_USER_PATHS = NO;
				CLANG_ANALYZER_LOCALIZABILITY_NONLOCALIZED = YES;
				CLANG_ANALYZER_NONNULL = YES;
				CLANG_CXX_LANGUAGE_STANDARD = "gnu++0x";
				CLANG_CXX_LIBRARY = "libc++";
				CLANG_ENABLE_MODULES = YES;
				CLANG_ENABLE_OBJC_ARC = YES;
				CLANG_WARN_BLOCK_CAPTURE_AUTORELEASING = YES;
				CLANG_WARN_BOOL_CONVERSION = YES;
				CLANG_WARN_COMMA = YES;
				CLANG_WARN_CONSTANT_CONVERSION = YES;
				CLANG_WARN_DEPRECATED_OBJC_IMPLEMENTATIONS = YES;
				CLANG_WARN_DIRECT_OBJC_ISA_USAGE = YES_ERROR;
				CLANG_WARN_DOCUMENTATION_COMMENTS = YES;
				CLANG_WARN_EMPTY_BODY = YES;
				CLANG_WARN_ENUM_CONVERSION = YES;
				CLANG_WARN_INFINITE_RECURSION = YES;
				CLANG_WARN_INT_CONVERSION = YES;
				CLANG_WARN_NON_LITERAL_NULL_CONVERSION = YES;
				CLANG_WARN_OBJC_IMPLICIT_RETAIN_SELF = YES;
				CLANG_WARN_OBJC_LITERAL_CONVERSION = YES;
				CLANG_WARN_OBJC_ROOT_CLASS = YES_ERROR;
				CLANG_WARN_RANGE_LOOP_ANALYSIS = YES;
				CLANG_WARN_STRICT_PROTOTYPES = YES;
				CLANG_WARN_SUSPICIOUS_MOVE = YES;
				CLANG_WARN_UNREACHABLE_CODE = YES;
				CLANG_WARN__DUPLICATE_METHOD_MATCH = YES;
				"CODE_SIGN_IDENTITY[sdk=iphoneos*]" = "iPhone Developer";
				COPY_PHASE_STRIP = NO;
				DEBUG_INFORMATION_FORMAT = dwarf;
				ENABLE_STRICT_OBJC_MSGSEND = YES;
				ENABLE_TESTABILITY = YES;
				GCC_C_LANGUAGE_STANDARD = gnu99;
				GCC_DYNAMIC_NO_PIC = NO;
				GCC_NO_COMMON_BLOCKS = YES;
				GCC_OPTIMIZATION_LEVEL = 0;
				GCC_PREPROCESSOR_DEFINITIONS = (
					"DEBUG=1",
					"$(inherited)",
				);
				GCC_WARN_64_TO_32_BIT_CONVERSION = YES;
				GCC_WARN_ABOUT_RETURN_TYPE = YES_ERROR;
				GCC_WARN_UNDECLARED_SELECTOR = YES;
				GCC_WARN_UNINITIALIZED_AUTOS = YES_AGGRESSIVE;
				GCC_WARN_UNUSED_FUNCTION = YES;
				GCC_WARN_UNUSED_VARIABLE = YES;
				IPHONEOS_DEPLOYMENT_TARGET = 9.0;
				MTL_ENABLE_DEBUG_INFO = YES;
				ONLY_ACTIVE_ARCH = YES;
				SDKROOT = iphoneos;
				SWIFT_ACTIVE_COMPILATION_CONDITIONS = DEBUG;
				SWIFT_OPTIMIZATION_LEVEL = "-Onone";
			};
			name = Debug;
		};
		661934041E5CD6A50042D25E /* Release */ = {
			isa = XCBuildConfiguration;
			buildSettings = {
				ALWAYS_SEARCH_USER_PATHS = NO;
				CLANG_ANALYZER_LOCALIZABILITY_NONLOCALIZED = YES;
				CLANG_ANALYZER_NONNULL = YES;
				CLANG_CXX_LANGUAGE_STANDARD = "gnu++0x";
				CLANG_CXX_LIBRARY = "libc++";
				CLANG_ENABLE_MODULES = YES;
				CLANG_ENABLE_OBJC_ARC = YES;
				CLANG_WARN_BLOCK_CAPTURE_AUTORELEASING = YES;
				CLANG_WARN_BOOL_CONVERSION = YES;
				CLANG_WARN_COMMA = YES;
				CLANG_WARN_CONSTANT_CONVERSION = YES;
				CLANG_WARN_DEPRECATED_OBJC_IMPLEMENTATIONS = YES;
				CLANG_WARN_DIRECT_OBJC_ISA_USAGE = YES_ERROR;
				CLANG_WARN_DOCUMENTATION_COMMENTS = YES;
				CLANG_WARN_EMPTY_BODY = YES;
				CLANG_WARN_ENUM_CONVERSION = YES;
				CLANG_WARN_INFINITE_RECURSION = YES;
				CLANG_WARN_INT_CONVERSION = YES;
				CLANG_WARN_NON_LITERAL_NULL_CONVERSION = YES;
				CLANG_WARN_OBJC_IMPLICIT_RETAIN_SELF = YES;
				CLANG_WARN_OBJC_LITERAL_CONVERSION = YES;
				CLANG_WARN_OBJC_ROOT_CLASS = YES_ERROR;
				CLANG_WARN_RANGE_LOOP_ANALYSIS = YES;
				CLANG_WARN_STRICT_PROTOTYPES = YES;
				CLANG_WARN_SUSPICIOUS_MOVE = YES;
				CLANG_WARN_UNREACHABLE_CODE = YES;
				CLANG_WARN__DUPLICATE_METHOD_MATCH = YES;
				"CODE_SIGN_IDENTITY[sdk=iphoneos*]" = "iPhone Developer";
				COPY_PHASE_STRIP = NO;
				DEBUG_INFORMATION_FORMAT = "dwarf-with-dsym";
				ENABLE_NS_ASSERTIONS = NO;
				ENABLE_STRICT_OBJC_MSGSEND = YES;
				GCC_C_LANGUAGE_STANDARD = gnu99;
				GCC_NO_COMMON_BLOCKS = YES;
				GCC_WARN_64_TO_32_BIT_CONVERSION = YES;
				GCC_WARN_ABOUT_RETURN_TYPE = YES_ERROR;
				GCC_WARN_UNDECLARED_SELECTOR = YES;
				GCC_WARN_UNINITIALIZED_AUTOS = YES_AGGRESSIVE;
				GCC_WARN_UNUSED_FUNCTION = YES;
				GCC_WARN_UNUSED_VARIABLE = YES;
				IPHONEOS_DEPLOYMENT_TARGET = 9.0;
				MTL_ENABLE_DEBUG_INFO = NO;
				SDKROOT = iphoneos;
				SWIFT_COMPILATION_MODE = wholemodule;
				SWIFT_OPTIMIZATION_LEVEL = "-O";
				VALIDATE_PRODUCT = YES;
			};
			name = Release;
		};
		661934061E5CD6A50042D25E /* Debug */ = {
			isa = XCBuildConfiguration;
			baseConfigurationReference = 6072F6F0D9EF16184283DD27 /* Pods-SwiftySoundExample.debug.xcconfig */;
			buildSettings = {
				ASSETCATALOG_COMPILER_APPICON_NAME = AppIcon;
				DEVELOPMENT_TEAM = "";
				INFOPLIST_FILE = SwiftySoundExample/Info.plist;
				LD_RUNPATH_SEARCH_PATHS = (
					"$(inherited)",
					"@executable_path/Frameworks",
				);
				PRODUCT_BUNDLE_IDENTIFIER = com.adamcichy.SwiftySoundExample;
				PRODUCT_NAME = "$(TARGET_NAME)";
				SWIFT_VERSION = 5.0;
				TARGETED_DEVICE_FAMILY = 1;
			};
			name = Debug;
		};
		661934071E5CD6A50042D25E /* Release */ = {
			isa = XCBuildConfiguration;
			baseConfigurationReference = F16796BA56A5073D7DBC0606 /* Pods-SwiftySoundExample.release.xcconfig */;
			buildSettings = {
				ASSETCATALOG_COMPILER_APPICON_NAME = AppIcon;
				DEVELOPMENT_TEAM = "";
				INFOPLIST_FILE = SwiftySoundExample/Info.plist;
				LD_RUNPATH_SEARCH_PATHS = (
					"$(inherited)",
					"@executable_path/Frameworks",
				);
				PRODUCT_BUNDLE_IDENTIFIER = com.adamcichy.SwiftySoundExample;
				PRODUCT_NAME = "$(TARGET_NAME)";
				SWIFT_VERSION = 5.0;
				TARGETED_DEVICE_FAMILY = 1;
			};
			name = Release;
		};
/* End XCBuildConfiguration section */

/* Begin XCConfigurationList section */
		661933EE1E5CD6A50042D25E /* Build configuration list for PBXProject "SwiftySoundExample" */ = {
			isa = XCConfigurationList;
			buildConfigurations = (
				661934031E5CD6A50042D25E /* Debug */,
				661934041E5CD6A50042D25E /* Release */,
			);
			defaultConfigurationIsVisible = 0;
			defaultConfigurationName = Release;
		};
		661934051E5CD6A50042D25E /* Build configuration list for PBXNativeTarget "SwiftySoundExample" */ = {
			isa = XCConfigurationList;
			buildConfigurations = (
				661934061E5CD6A50042D25E /* Debug */,
				661934071E5CD6A50042D25E /* Release */,
			);
			defaultConfigurationIsVisible = 0;
			defaultConfigurationName = Release;
		};
/* End XCConfigurationList section */
	};
	rootObject = 661933EB1E5CD6A50042D25E /* Project object */;
}
