// !$*UTF8*$!
{
	archiveVersion = 1;
	classes = {
	};
	objectVersion = 46;
	objects = {

/* Begin PBXBuildFile section */
		01EE0AB662C6AC59BA154DC6 /* Pods_SwiftySoundExampleTests.framework in Frameworks */ = {isa = PBXBuildFile; fileRef = 9AEC2A01ED22D22001C4662C /* Pods_SwiftySoundExampleTests.framework */; };
		5092FCEAC1A44161CF7066B4 /* Pods_SwiftySoundExample.framework in Frameworks */ = {isa = PBXBuildFile; fileRef = 7358DDCAAB2D0DDD7CF4FCFF /* Pods_SwiftySoundExample.framework */; };
		661933F71E5CD6A50042D25E /* AppDelegate.swift in Sources */ = {isa = PBXBuildFile; fileRef = 661933F61E5CD6A50042D25E /* AppDelegate.swift */; };
		661933F91E5CD6A50042D25E /* ViewController.swift in Sources */ = {isa = PBXBuildFile; fileRef = 661933F81E5CD6A50042D25E /* ViewController.swift */; };
		661933FC1E5CD6A50042D25E /* Main.storyboard in Resources */ = {isa = PBXBuildFile; fileRef = 661933FA1E5CD6A50042D25E /* Main.storyboard */; };
		661933FE1E5CD6A50042D25E /* Assets.xcassets in Resources */ = {isa = PBXBuildFile; fileRef = 661933FD1E5CD6A50042D25E /* Assets.xcassets */; };
		6619340A1E5CD8DE0042D25E /* dog.wav in Resources */ = {isa = PBXBuildFile; fileRef = 661934091E5CD8DE0042D25E /* dog.wav */; };
		6619340C1E5CD8E50042D25E /* cat.wav in Resources */ = {isa = PBXBuildFile; fileRef = 6619340B1E5CD8E50042D25E /* cat.wav */; };
		6635A33A1E8E775B00A3E02B /* SwiftySoundExampleTests.swift in Sources */ = {isa = PBXBuildFile; fileRef = 6635A3391E8E775B00A3E02B /* SwiftySoundExampleTests.swift */; };
		6635A3411E8E7AD000A3E02B /* dog.wav in Resources */ = {isa = PBXBuildFile; fileRef = 661934091E5CD8DE0042D25E /* dog.wav */; };
		6635A3421E8E7AD300A3E02B /* cat.wav in Resources */ = {isa = PBXBuildFile; fileRef = 6619340B1E5CD8E50042D25E /* cat.wav */; };
		6635A3441E8E7BF800A3E02B /* empty.wav in Resources */ = {isa = PBXBuildFile; fileRef = 6635A3431E8E7BF800A3E02B /* empty.wav */; };
		6635A3461E8E7D2B00A3E02B /* File.txt in Resources */ = {isa = PBXBuildFile; fileRef = 6635A3451E8E7D2B00A3E02B /* File.txt */; };
		6635A3471E8E7E0400A3E02B /* empty.wav in Resources */ = {isa = PBXBuildFile; fileRef = 6635A3431E8E7BF800A3E02B /* empty.wav */; };
		6635A3481E8E7E0700A3E02B /* File.txt in Resources */ = {isa = PBXBuildFile; fileRef = 6635A3451E8E7D2B00A3E02B /* File.txt */; };
/* End PBXBuildFile section */

/* Begin PBXContainerItemProxy section */
		6635A33C1E8E775B00A3E02B /* PBXContainerItemProxy */ = {
			isa = PBXContainerItemProxy;
			containerPortal = 661933EB1E5CD6A50042D25E /* Project object */;
			proxyType = 1;
			remoteGlobalIDString = 661933F21E5CD6A50042D25E;
			remoteInfo = SwiftySoundExample;
		};
/* End PBXContainerItemProxy section */

/* Begin PBXFileReference section */
		2F2A2722C40C91422A97EDB6 /* Pods-SwiftySoundExampleTests.release.xcconfig */ = {isa = PBXFileReference; includeInIndex = 1; lastKnownFileType = text.xcconfig; name = "Pods-SwiftySoundExampleTests.release.xcconfig"; path = "Pods/Target Support Files/Pods-SwiftySoundExampleTests/Pods-SwiftySoundExampleTests.release.xcconfig"; sourceTree = "<group>"; };
		6195CDC081CD6998CC2DA769 /* Pods-SwiftySoundExample.release.xcconfig */ = {isa = PBXFileReference; includeInIndex = 1; lastKnownFileType = text.xcconfig; name = "Pods-SwiftySoundExample.release.xcconfig"; path = "Pods/Target Support Files/Pods-SwiftySoundExample/Pods-SwiftySoundExample.release.xcconfig"; sourceTree = "<group>"; };
		661933F31E5CD6A50042D25E /* SwiftySoundExample.app */ = {isa = PBXFileReference; explicitFileType = wrapper.application; includeInIndex = 0; path = SwiftySoundExample.app; sourceTree = BUILT_PRODUCTS_DIR; };
		661933F61E5CD6A50042D25E /* AppDelegate.swift */ = {isa = PBXFileReference; lastKnownFileType = sourcecode.swift; path = AppDelegate.swift; sourceTree = "<group>"; };
		661933F81E5CD6A50042D25E /* ViewController.swift */ = {isa = PBXFileReference; lastKnownFileType = sourcecode.swift; path = ViewController.swift; sourceTree = "<group>"; };
		661933FB1E5CD6A50042D25E /* Base */ = {isa = PBXFileReference; lastKnownFileType = file.storyboard; name = Base; path = Base.lproj/Main.storyboard; sourceTree = "<group>"; };
		661933FD1E5CD6A50042D25E /* Assets.xcassets */ = {isa = PBXFileReference; lastKnownFileType = folder.assetcatalog; path = Assets.xcassets; sourceTree = "<group>"; };
		661934021E5CD6A50042D25E /* Info.plist */ = {isa = PBXFileReference; lastKnownFileType = text.plist.xml; path = Info.plist; sourceTree = "<group>"; };
		661934091E5CD8DE0042D25E /* dog.wav */ = {isa = PBXFileReference; lastKnownFileType = audio.wav; path = dog.wav; sourceTree = "<group>"; };
		6619340B1E5CD8E50042D25E /* cat.wav */ = {isa = PBXFileReference; lastKnownFileType = audio.wav; path = cat.wav; sourceTree = "<group>"; };
		6635A3371E8E775B00A3E02B /* SwiftySoundExampleTests.xctest */ = {isa = PBXFileReference; explicitFileType = wrapper.cfbundle; includeInIndex = 0; path = SwiftySoundExampleTests.xctest; sourceTree = BUILT_PRODUCTS_DIR; };
		6635A3391E8E775B00A3E02B /* SwiftySoundExampleTests.swift */ = {isa = PBXFileReference; lastKnownFileType = sourcecode.swift; path = SwiftySoundExampleTests.swift; sourceTree = "<group>"; };
		6635A33B1E8E775B00A3E02B /* Info.plist */ = {isa = PBXFileReference; lastKnownFileType = text.plist.xml; path = Info.plist; sourceTree = "<group>"; };
		6635A3431E8E7BF800A3E02B /* empty.wav */ = {isa = PBXFileReference; lastKnownFileType = audio.wav; path = empty.wav; sourceTree = "<group>"; };
		6635A3451E8E7D2B00A3E02B /* File.txt */ = {isa = PBXFileReference; fileEncoding = 4; lastKnownFileType = text; path = File.txt; sourceTree = "<group>"; };
		7358DDCAAB2D0DDD7CF4FCFF /* Pods_SwiftySoundExample.framework */ = {isa = PBXFileReference; explicitFileType = wrapper.framework; includeInIndex = 0; path = Pods_SwiftySoundExample.framework; sourceTree = BUILT_PRODUCTS_DIR; };
		84BB230849D8C4FF3045DA57 /* Pods-SwiftySoundExample.debug.xcconfig */ = {isa = PBXFileReference; includeInIndex = 1; lastKnownFileType = text.xcconfig; name = "Pods-SwiftySoundExample.debug.xcconfig"; path = "Pods/Target Support Files/Pods-SwiftySoundExample/Pods-SwiftySoundExample.debug.xcconfig"; sourceTree = "<group>"; };
		9AEC2A01ED22D22001C4662C /* Pods_SwiftySoundExampleTests.framework */ = {isa = PBXFileReference; explicitFileType = wrapper.framework; includeInIndex = 0; path = Pods_SwiftySoundExampleTests.framework; sourceTree = BUILT_PRODUCTS_DIR; };
		DD5D17CC8D1E87F25034D6E7 /* Pods-SwiftySoundExampleTests.debug.xcconfig */ = {isa = PBXFileReference; includeInIndex = 1; lastKnownFileType = text.xcconfig; name = "Pods-SwiftySoundExampleTests.debug.xcconfig"; path = "Pods/Target Support Files/Pods-SwiftySoundExampleTests/Pods-SwiftySoundExampleTests.debug.xcconfig"; sourceTree = "<group>"; };
/* End PBXFileReference section */

/* Begin PBXFrameworksBuildPhase section */
		661933F01E5CD6A50042D25E /* Frameworks */ = {
			isa = PBXFrameworksBuildPhase;
			buildActionMask = 2147483647;
			files = (
				5092FCEAC1A44161CF7066B4 /* Pods_SwiftySoundExample.framework in Frameworks */,
			);
			runOnlyForDeploymentPostprocessing = 0;
		};
		6635A3341E8E775B00A3E02B /* Frameworks */ = {
			isa = PBXFrameworksBuildPhase;
			buildActionMask = 2147483647;
			files = (
				01EE0AB662C6AC59BA154DC6 /* Pods_SwiftySoundExampleTests.framework in Frameworks */,
			);
			runOnlyForDeploymentPostprocessing = 0;
		};
/* End PBXFrameworksBuildPhase section */

/* Begin PBXGroup section */
		52865F20D781895CCA9392E7 /* Frameworks */ = {
			isa = PBXGroup;
			children = (
				7358DDCAAB2D0DDD7CF4FCFF /* Pods_SwiftySoundExample.framework */,
				9AEC2A01ED22D22001C4662C /* Pods_SwiftySoundExampleTests.framework */,
			);
			name = Frameworks;
			sourceTree = "<group>";
		};
		661933EA1E5CD6A50042D25E = {
			isa = PBXGroup;
			children = (
				661933F51E5CD6A50042D25E /* SwiftySoundExample */,
				6635A3381E8E775B00A3E02B /* SwiftySoundExampleTests */,
				661933F41E5CD6A50042D25E /* Products */,
				8EF6E1263B1603F9D36F2657 /* Pods */,
				52865F20D781895CCA9392E7 /* Frameworks */,
			);
			sourceTree = "<group>";
		};
		661933F41E5CD6A50042D25E /* Products */ = {
			isa = PBXGroup;
			children = (
				661933F31E5CD6A50042D25E /* SwiftySoundExample.app */,
				6635A3371E8E775B00A3E02B /* SwiftySoundExampleTests.xctest */,
			);
			name = Products;
			sourceTree = "<group>";
		};
		661933F51E5CD6A50042D25E /* SwiftySoundExample */ = {
			isa = PBXGroup;
			children = (
				661933F61E5CD6A50042D25E /* AppDelegate.swift */,
				661933F81E5CD6A50042D25E /* ViewController.swift */,
				661933FA1E5CD6A50042D25E /* Main.storyboard */,
				661933FD1E5CD6A50042D25E /* Assets.xcassets */,
				661934021E5CD6A50042D25E /* Info.plist */,
				661934081E5CD8CF0042D25E /* Sounds */,
				6635A3451E8E7D2B00A3E02B /* File.txt */,
			);
			path = SwiftySoundExample;
			sourceTree = "<group>";
		};
		661934081E5CD8CF0042D25E /* Sounds */ = {
			isa = PBXGroup;
			children = (
				661934091E5CD8DE0042D25E /* dog.wav */,
				6619340B1E5CD8E50042D25E /* cat.wav */,
				6635A3431E8E7BF800A3E02B /* empty.wav */,
			);
			path = Sounds;
			sourceTree = "<group>";
		};
		6635A3381E8E775B00A3E02B /* SwiftySoundExampleTests */ = {
			isa = PBXGroup;
			children = (
				6635A3391E8E775B00A3E02B /* SwiftySoundExampleTests.swift */,
				6635A33B1E8E775B00A3E02B /* Info.plist */,
			);
			path = SwiftySoundExampleTests;
			sourceTree = "<group>";
		};
		8EF6E1263B1603F9D36F2657 /* Pods */ = {
			isa = PBXGroup;
			children = (
				84BB230849D8C4FF3045DA57 /* Pods-SwiftySoundExample.debug.xcconfig */,
				6195CDC081CD6998CC2DA769 /* Pods-SwiftySoundExample.release.xcconfig */,
				DD5D17CC8D1E87F25034D6E7 /* Pods-SwiftySoundExampleTests.debug.xcconfig */,
				2F2A2722C40C91422A97EDB6 /* Pods-SwiftySoundExampleTests.release.xcconfig */,
			);
			name = Pods;
			sourceTree = "<group>";
		};
/* End PBXGroup section */

/* Begin PBXNativeTarget section */
		661933F21E5CD6A50042D25E /* SwiftySoundExample */ = {
			isa = PBXNativeTarget;
			buildConfigurationList = 661934051E5CD6A50042D25E /* Build configuration list for PBXNativeTarget "SwiftySoundExample" */;
			buildPhases = (
				A087DB3024E227D3F748D49B /* [CP] Check Pods Manifest.lock */,
				661933EF1E5CD6A50042D25E /* Sources */,
				661933F01E5CD6A50042D25E /* Frameworks */,
				661933F11E5CD6A50042D25E /* Resources */,
				6588A6050B1B017AA12D8EC7 /* [CP] Embed Pods Frameworks */,
				15CFC92716507DC7FE63327E /* [CP] Copy Pods Resources */,
			);
			buildRules = (
			);
			dependencies = (
			);
			name = SwiftySoundExample;
			productName = SwiftySoundExample;
			productReference = 661933F31E5CD6A50042D25E /* SwiftySoundExample.app */;
			productType = "com.apple.product-type.application";
		};
		6635A3361E8E775B00A3E02B /* SwiftySoundExampleTests */ = {
			isa = PBXNativeTarget;
			buildConfigurationList = 6635A3401E8E775B00A3E02B /* Build configuration list for PBXNativeTarget "SwiftySoundExampleTests" */;
			buildPhases = (
				F069B7D6EE16648A943212A4 /* [CP] Check Pods Manifest.lock */,
				6635A3331E8E775B00A3E02B /* Sources */,
				6635A3341E8E775B00A3E02B /* Frameworks */,
				6635A3351E8E775B00A3E02B /* Resources */,
				EB2E3226F6E744727368E2D6 /* [CP] Embed Pods Frameworks */,
				91A1C801C56D7DEF89558883 /* [CP] Copy Pods Resources */,
			);
			buildRules = (
			);
			dependencies = (
				6635A33D1E8E775B00A3E02B /* PBXTargetDependency */,
			);
			name = SwiftySoundExampleTests;
			productName = SwiftySoundExampleTests;
			productReference = 6635A3371E8E775B00A3E02B /* SwiftySoundExampleTests.xctest */;
			productType = "com.apple.product-type.bundle.unit-test";
		};
/* End PBXNativeTarget section */

/* Begin PBXProject section */
		661933EB1E5CD6A50042D25E /* Project object */ = {
			isa = PBXProject;
			attributes = {
				LastSwiftUpdateCheck = 0830;
				LastUpgradeCheck = 0820;
				ORGANIZATIONNAME = "Adam CIchy";
				TargetAttributes = {
					661933F21E5CD6A50042D25E = {
						CreatedOnToolsVersion = 8.2.1;
						ProvisioningStyle = Automatic;
					};
					6635A3361E8E775B00A3E02B = {
						CreatedOnToolsVersion = 8.3;
						ProvisioningStyle = Automatic;
						TestTargetID = 661933F21E5CD6A50042D25E;
					};
				};
			};
			buildConfigurationList = 661933EE1E5CD6A50042D25E /* Build configuration list for PBXProject "SwiftySoundExample" */;
			compatibilityVersion = "Xcode 3.2";
			developmentRegion = English;
			hasScannedForEncodings = 0;
			knownRegions = (
				en,
				Base,
			);
			mainGroup = 661933EA1E5CD6A50042D25E;
			productRefGroup = 661933F41E5CD6A50042D25E /* Products */;
			projectDirPath = "";
			projectRoot = "";
			targets = (
				661933F21E5CD6A50042D25E /* SwiftySoundExample */,
				6635A3361E8E775B00A3E02B /* SwiftySoundExampleTests */,
			);
		};
/* End PBXProject section */

/* Begin PBXResourcesBuildPhase section */
		661933F11E5CD6A50042D25E /* Resources */ = {
			isa = PBXResourcesBuildPhase;
			buildActionMask = 2147483647;
			files = (
				661933FE1E5CD6A50042D25E /* Assets.xcassets in Resources */,
				6619340A1E5CD8DE0042D25E /* dog.wav in Resources */,
				6635A3481E8E7E0700A3E02B /* File.txt in Resources */,
				661933FC1E5CD6A50042D25E /* Main.storyboard in Resources */,
				6635A3471E8E7E0400A3E02B /* empty.wav in Resources */,
				6619340C1E5CD8E50042D25E /* cat.wav in Resources */,
			);
			runOnlyForDeploymentPostprocessing = 0;
		};
		6635A3351E8E775B00A3E02B /* Resources */ = {
			isa = PBXResourcesBuildPhase;
			buildActionMask = 2147483647;
			files = (
				6635A3411E8E7AD000A3E02B /* dog.wav in Resources */,
				6635A3421E8E7AD300A3E02B /* cat.wav in Resources */,
				6635A3461E8E7D2B00A3E02B /* File.txt in Resources */,
				6635A3441E8E7BF800A3E02B /* empty.wav in Resources */,
			);
			runOnlyForDeploymentPostprocessing = 0;
		};
/* End PBXResourcesBuildPhase section */

/* Begin PBXShellScriptBuildPhase section */
		15CFC92716507DC7FE63327E /* [CP] Copy Pods Resources */ = {
			isa = PBXShellScriptBuildPhase;
			buildActionMask = 2147483647;
			files = (
			);
			inputPaths = (
			);
			name = "[CP] Copy Pods Resources";
			outputPaths = (
			);
			runOnlyForDeploymentPostprocessing = 0;
			shellPath = /bin/sh;
			shellScript = "\"${SRCROOT}/Pods/Target Support Files/Pods-SwiftySoundExample/Pods-SwiftySoundExample-resources.sh\"\n";
			showEnvVarsInLog = 0;
		};
		6588A6050B1B017AA12D8EC7 /* [CP] Embed Pods Frameworks */ = {
			isa = PBXShellScriptBuildPhase;
			buildActionMask = 2147483647;
			files = (
			);
			inputPaths = (
			);
			name = "[CP] Embed Pods Frameworks";
			outputPaths = (
			);
			runOnlyForDeploymentPostprocessing = 0;
			shellPath = /bin/sh;
			shellScript = "\"${SRCROOT}/Pods/Target Support Files/Pods-SwiftySoundExample/Pods-SwiftySoundExample-frameworks.sh\"\n";
			showEnvVarsInLog = 0;
		};
		91A1C801C56D7DEF89558883 /* [CP] Copy Pods Resources */ = {
			isa = PBXShellScriptBuildPhase;
			buildActionMask = 2147483647;
			files = (
			);
			inputPaths = (
			);
			name = "[CP] Copy Pods Resources";
			outputPaths = (
			);
			runOnlyForDeploymentPostprocessing = 0;
			shellPath = /bin/sh;
			shellScript = "\"${SRCROOT}/Pods/Target Support Files/Pods-SwiftySoundExampleTests/Pods-SwiftySoundExampleTests-resources.sh\"\n";
			showEnvVarsInLog = 0;
		};
		A087DB3024E227D3F748D49B /* [CP] Check Pods Manifest.lock */ = {
			isa = PBXShellScriptBuildPhase;
			buildActionMask = 2147483647;
			files = (
			);
			inputPaths = (
			);
			name = "[CP] Check Pods Manifest.lock";
			outputPaths = (
			);
			runOnlyForDeploymentPostprocessing = 0;
			shellPath = /bin/sh;
			shellScript = "diff \"${PODS_ROOT}/../Podfile.lock\" \"${PODS_ROOT}/Manifest.lock\" > /dev/null\nif [ $? != 0 ] ; then\n    # print error to STDERR\n    echo \"error: The sandbox is not in sync with the Podfile.lock. Run 'pod install' or update your CocoaPods installation.\" >&2\n    exit 1\nfi\n";
			showEnvVarsInLog = 0;
		};
		EB2E3226F6E744727368E2D6 /* [CP] Embed Pods Frameworks */ = {
			isa = PBXShellScriptBuildPhase;
			buildActionMask = 2147483647;
			files = (
			);
			inputPaths = (
			);
			name = "[CP] Embed Pods Frameworks";
			outputPaths = (
			);
			runOnlyForDeploymentPostprocessing = 0;
			shellPath = /bin/sh;
			shellScript = "\"${SRCROOT}/Pods/Target Support Files/Pods-SwiftySoundExampleTests/Pods-SwiftySoundExampleTests-frameworks.sh\"\n";
			showEnvVarsInLog = 0;
		};
		F069B7D6EE16648A943212A4 /* [CP] Check Pods Manifest.lock */ = {
			isa = PBXShellScriptBuildPhase;
			buildActionMask = 2147483647;
			files = (
			);
			inputPaths = (
			);
			name = "[CP] Check Pods Manifest.lock";
			outputPaths = (
			);
			runOnlyForDeploymentPostprocessing = 0;
			shellPath = /bin/sh;
			shellScript = "diff \"${PODS_ROOT}/../Podfile.lock\" \"${PODS_ROOT}/Manifest.lock\" > /dev/null\nif [ $? != 0 ] ; then\n    # print error to STDERR\n    echo \"error: The sandbox is not in sync with the Podfile.lock. Run 'pod install' or update your CocoaPods installation.\" >&2\n    exit 1\nfi\n";
			showEnvVarsInLog = 0;
		};
/* End PBXShellScriptBuildPhase section */

/* Begin PBXSourcesBuildPhase section */
		661933EF1E5CD6A50042D25E /* Sources */ = {
			isa = PBXSourcesBuildPhase;
			buildActionMask = 2147483647;
			files = (
				661933F91E5CD6A50042D25E /* ViewController.swift in Sources */,
				661933F71E5CD6A50042D25E /* AppDelegate.swift in Sources */,
			);
			runOnlyForDeploymentPostprocessing = 0;
		};
		6635A3331E8E775B00A3E02B /* Sources */ = {
			isa = PBXSourcesBuildPhase;
			buildActionMask = 2147483647;
			files = (
				6635A33A1E8E775B00A3E02B /* SwiftySoundExampleTests.swift in Sources */,
			);
			runOnlyForDeploymentPostprocessing = 0;
		};
/* End PBXSourcesBuildPhase section */

/* Begin PBXTargetDependency section */
		6635A33D1E8E775B00A3E02B /* PBXTargetDependency */ = {
			isa = PBXTargetDependency;
			target = 661933F21E5CD6A50042D25E /* SwiftySoundExample */;
			targetProxy = 6635A33C1E8E775B00A3E02B /* PBXContainerItemProxy */;
		};
/* End PBXTargetDependency section */

/* Begin PBXVariantGroup section */
		661933FA1E5CD6A50042D25E /* Main.storyboard */ = {
			isa = PBXVariantGroup;
			children = (
				661933FB1E5CD6A50042D25E /* Base */,
			);
			name = Main.storyboard;
			sourceTree = "<group>";
		};
/* End PBXVariantGroup section */

/* Begin XCBuildConfiguration section */
		661934031E5CD6A50042D25E /* Debug */ = {
			isa = XCBuildConfiguration;
			buildSettings = {
				ALWAYS_SEARCH_USER_PATHS = NO;
				CLANG_ANALYZER_NONNULL = YES;
				CLANG_CXX_LANGUAGE_STANDARD = "gnu++0x";
				CLANG_CXX_LIBRARY = "libc++";
				CLANG_ENABLE_MODULES = YES;
				CLANG_ENABLE_OBJC_ARC = YES;
				CLANG_WARN_BOOL_CONVERSION = YES;
				CLANG_WARN_CONSTANT_CONVERSION = YES;
				CLANG_WARN_DIRECT_OBJC_ISA_USAGE = YES_ERROR;
				CLANG_WARN_DOCUMENTATION_COMMENTS = YES;
				CLANG_WARN_EMPTY_BODY = YES;
				CLANG_WARN_ENUM_CONVERSION = YES;
				CLANG_WARN_INFINITE_RECURSION = YES;
				CLANG_WARN_INT_CONVERSION = YES;
				CLANG_WARN_OBJC_ROOT_CLASS = YES_ERROR;
				CLANG_WARN_SUSPICIOUS_MOVE = YES;
				CLANG_WARN_UNREACHABLE_CODE = YES;
				CLANG_WARN__DUPLICATE_METHOD_MATCH = YES;
				"CODE_SIGN_IDENTITY[sdk=iphoneos*]" = "iPhone Developer";
				COPY_PHASE_STRIP = NO;
				DEBUG_INFORMATION_FORMAT = dwarf;
				ENABLE_STRICT_OBJC_MSGSEND = YES;
				ENABLE_TESTABILITY = YES;
				GCC_C_LANGUAGE_STANDARD = gnu99;
				GCC_DYNAMIC_NO_PIC = NO;
				GCC_NO_COMMON_BLOCKS = YES;
				GCC_OPTIMIZATION_LEVEL = 0;
				GCC_PREPROCESSOR_DEFINITIONS = (
					"DEBUG=1",
					"$(inherited)",
				);
				GCC_WARN_64_TO_32_BIT_CONVERSION = YES;
				GCC_WARN_ABOUT_RETURN_TYPE = YES_ERROR;
				GCC_WARN_UNDECLARED_SELECTOR = YES;
				GCC_WARN_UNINITIALIZED_AUTOS = YES_AGGRESSIVE;
				GCC_WARN_UNUSED_FUNCTION = YES;
				GCC_WARN_UNUSED_VARIABLE = YES;
				IPHONEOS_DEPLOYMENT_TARGET = 8.0;
				MTL_ENABLE_DEBUG_INFO = YES;
				ONLY_ACTIVE_ARCH = YES;
				SDKROOT = iphoneos;
				SWIFT_ACTIVE_COMPILATION_CONDITIONS = DEBUG;
				SWIFT_OPTIMIZATION_LEVEL = "-Onone";
			};
			name = Debug;
		};
		661934041E5CD6A50042D25E /* Release */ = {
			isa = XCBuildConfiguration;
			buildSettings = {
				ALWAYS_SEARCH_USER_PATHS = NO;
				CLANG_ANALYZER_NONNULL = YES;
				CLANG_CXX_LANGUAGE_STANDARD = "gnu++0x";
				CLANG_CXX_LIBRARY = "libc++";
				CLANG_ENABLE_MODULES = YES;
				CLANG_ENABLE_OBJC_ARC = YES;
				CLANG_WARN_BOOL_CONVERSION = YES;
				CLANG_WARN_CONSTANT_CONVERSION = YES;
				CLANG_WARN_DIRECT_OBJC_ISA_USAGE = YES_ERROR;
				CLANG_WARN_DOCUMENTATION_COMMENTS = YES;
				CLANG_WARN_EMPTY_BODY = YES;
				CLANG_WARN_ENUM_CONVERSION = YES;
				CLANG_WARN_INFINITE_RECURSION = YES;
				CLANG_WARN_INT_CONVERSION = YES;
				CLANG_WARN_OBJC_ROOT_CLASS = YES_ERROR;
				CLANG_WARN_SUSPICIOUS_MOVE = YES;
				CLANG_WARN_UNREACHABLE_CODE = YES;
				CLANG_WARN__DUPLICATE_METHOD_MATCH = YES;
				"CODE_SIGN_IDENTITY[sdk=iphoneos*]" = "iPhone Developer";
				COPY_PHASE_STRIP = NO;
				DEBUG_INFORMATION_FORMAT = "dwarf-with-dsym";
				ENABLE_NS_ASSERTIONS = NO;
				ENABLE_STRICT_OBJC_MSGSEND = YES;
				GCC_C_LANGUAGE_STANDARD = gnu99;
				GCC_NO_COMMON_BLOCKS = YES;
				GCC_WARN_64_TO_32_BIT_CONVERSION = YES;
				GCC_WARN_ABOUT_RETURN_TYPE = YES_ERROR;
				GCC_WARN_UNDECLARED_SELECTOR = YES;
				GCC_WARN_UNINITIALIZED_AUTOS = YES_AGGRESSIVE;
				GCC_WARN_UNUSED_FUNCTION = YES;
				GCC_WARN_UNUSED_VARIABLE = YES;
				IPHONEOS_DEPLOYMENT_TARGET = 8.0;
				MTL_ENABLE_DEBUG_INFO = NO;
				SDKROOT = iphoneos;
				SWIFT_OPTIMIZATION_LEVEL = "-Owholemodule";
				VALIDATE_PRODUCT = YES;
			};
			name = Release;
		};
		661934061E5CD6A50042D25E /* Debug */ = {
			isa = XCBuildConfiguration;
			baseConfigurationReference = 84BB230849D8C4FF3045DA57 /* Pods-SwiftySoundExample.debug.xcconfig */;
			buildSettings = {
				ASSETCATALOG_COMPILER_APPICON_NAME = AppIcon;
				DEVELOPMENT_TEAM = "";
				INFOPLIST_FILE = SwiftySoundExample/Info.plist;
				LD_RUNPATH_SEARCH_PATHS = "$(inherited) @executable_path/Frameworks";
				PRODUCT_BUNDLE_IDENTIFIER = com.adamcichy.SwiftySoundExample;
				PRODUCT_NAME = "$(TARGET_NAME)";
				SWIFT_VERSION = 3.0;
				TARGETED_DEVICE_FAMILY = 1;
			};
			name = Debug;
		};
		661934071E5CD6A50042D25E /* Release */ = {
			isa = XCBuildConfiguration;
			baseConfigurationReference = 6195CDC081CD6998CC2DA769 /* Pods-SwiftySoundExample.release.xcconfig */;
			buildSettings = {
				ASSETCATALOG_COMPILER_APPICON_NAME = AppIcon;
				DEVELOPMENT_TEAM = "";
				INFOPLIST_FILE = SwiftySoundExample/Info.plist;
				LD_RUNPATH_SEARCH_PATHS = "$(inherited) @executable_path/Frameworks";
				PRODUCT_BUNDLE_IDENTIFIER = com.adamcichy.SwiftySoundExample;
				PRODUCT_NAME = "$(TARGET_NAME)";
				SWIFT_VERSION = 3.0;
				TARGETED_DEVICE_FAMILY = 1;
			};
			name = Release;
		};
		6635A33E1E8E775B00A3E02B /* Debug */ = {
			isa = XCBuildConfiguration;
			baseConfigurationReference = DD5D17CC8D1E87F25034D6E7 /* Pods-SwiftySoundExampleTests.debug.xcconfig */;
			buildSettings = {
				BUNDLE_LOADER = "$(TEST_HOST)";
				CLANG_ANALYZER_NUMBER_OBJECT_CONVERSION = YES_AGGRESSIVE;
				INFOPLIST_FILE = SwiftySoundExampleTests/Info.plist;
				IPHONEOS_DEPLOYMENT_TARGET = 10.3;
				LD_RUNPATH_SEARCH_PATHS = "$(inherited) @executable_path/Frameworks @loader_path/Frameworks";
				PRODUCT_BUNDLE_IDENTIFIER = com.adamcichy.SwiftySoundExampleTests;
				PRODUCT_NAME = "$(TARGET_NAME)";
				SWIFT_VERSION = 3.0;
				TEST_HOST = "$(BUILT_PRODUCTS_DIR)/SwiftySoundExample.app/SwiftySoundExample";
			};
			name = Debug;
		};
		6635A33F1E8E775B00A3E02B /* Release */ = {
			isa = XCBuildConfiguration;
			baseConfigurationReference = 2F2A2722C40C91422A97EDB6 /* Pods-SwiftySoundExampleTests.release.xcconfig */;
			buildSettings = {
				BUNDLE_LOADER = "$(TEST_HOST)";
				CLANG_ANALYZER_NUMBER_OBJECT_CONVERSION = YES_AGGRESSIVE;
				INFOPLIST_FILE = SwiftySoundExampleTests/Info.plist;
				IPHONEOS_DEPLOYMENT_TARGET = 10.3;
				LD_RUNPATH_SEARCH_PATHS = "$(inherited) @executable_path/Frameworks @loader_path/Frameworks";
				PRODUCT_BUNDLE_IDENTIFIER = com.adamcichy.SwiftySoundExampleTests;
				PRODUCT_NAME = "$(TARGET_NAME)";
				SWIFT_VERSION = 3.0;
				TEST_HOST = "$(BUILT_PRODUCTS_DIR)/SwiftySoundExample.app/SwiftySoundExample";
			};
			name = Release;
		};
/* End XCBuildConfiguration section */

/* Begin XCConfigurationList section */
		661933EE1E5CD6A50042D25E /* Build configuration list for PBXProject "SwiftySoundExample" */ = {
			isa = XCConfigurationList;
			buildConfigurations = (
				661934031E5CD6A50042D25E /* Debug */,
				661934041E5CD6A50042D25E /* Release */,
			);
			defaultConfigurationIsVisible = 0;
			defaultConfigurationName = Release;
		};
		661934051E5CD6A50042D25E /* Build configuration list for PBXNativeTarget "SwiftySoundExample" */ = {
			isa = XCConfigurationList;
			buildConfigurations = (
				661934061E5CD6A50042D25E /* Debug */,
				661934071E5CD6A50042D25E /* Release */,
			);
			defaultConfigurationIsVisible = 0;
			defaultConfigurationName = Release;
		};
		6635A3401E8E775B00A3E02B /* Build configuration list for PBXNativeTarget "SwiftySoundExampleTests" */ = {
			isa = XCConfigurationList;
			buildConfigurations = (
				6635A33E1E8E775B00A3E02B /* Debug */,
				6635A33F1E8E775B00A3E02B /* Release */,
			);
			defaultConfigurationIsVisible = 0;
			defaultConfigurationName = Release;
		};
/* End XCConfigurationList section */
	};
	rootObject = 661933EB1E5CD6A50042D25E /* Project object */;
}
